
Microsoft Visual Studio Solution File, Format Version 12.00
# Visual Studio 15
VisualStudioVersion = 15.0.28010.0
MinimumVisualStudioVersion = 10.0.40219.1
Project("{9A19103F-16F7-4668-BE54-9A1E7A4F7556}") = "Domain", "Domain\Domain.csproj", "{FFD380E6-9097-46B6-AAD3-30A84F75FE7F}"
EndProject
Project("{FAE04EC0-301F-11D3-BF4B-00C04F79EFBC}") = "WebApi", "WebApi\WebApi.csproj", "{4B7688DA-8F0F-479E-82D2-03E7BE5610C8}"
EndProject
Project("{FAE04EC0-301F-11D3-BF4B-00C04F79EFBC}") = "Infrastructure", "Infrastructure\Infrastructure.csproj", "{5FEA3AEB-1A8F-4D96-956C-3DE28DD113B6}"
EndProject
Project("{FAE04EC0-301F-11D3-BF4B-00C04F79EFBC}") = "Tests", "Tests\Tests.csproj", "{05EB4443-8E43-487A-BC43-B2438EC1606C}"
EndProject
Global
	GlobalSection(SolutionConfigurationPlatforms) = preSolution
		Debug|Any CPU = Debug|Any CPU
		Release|Any CPU = Release|Any CPU
	EndGlobalSection
	GlobalSection(ProjectConfigurationPlatforms) = postSolution
		{FFD380E6-9097-46B6-AAD3-30A84F75FE7F}.Debug|Any CPU.ActiveCfg = Debug|Any CPU
		{FFD380E6-9097-46B6-AAD3-30A84F75FE7F}.Debug|Any CPU.Build.0 = Debug|Any CPU
		{FFD380E6-9097-46B6-AAD3-30A84F75FE7F}.Release|Any CPU.ActiveCfg = Release|Any CPU
		{FFD380E6-9097-46B6-AAD3-30A84F75FE7F}.Release|Any CPU.Build.0 = Release|Any CPU
		{4B7688DA-8F0F-479E-82D2-03E7BE5610C8}.Debug|Any CPU.ActiveCfg = Debug|Any CPU
		{4B7688DA-8F0F-479E-82D2-03E7BE5610C8}.Debug|Any CPU.Build.0 = Debug|Any CPU
		{4B7688DA-8F0F-479E-82D2-03E7BE5610C8}.Release|Any CPU.ActiveCfg = Release|Any CPU
		{4B7688DA-8F0F-479E-82D2-03E7BE5610C8}.Release|Any CPU.Build.0 = Release|Any CPU
		{5FEA3AEB-1A8F-4D96-956C-3DE28DD113B6}.Debug|Any CPU.ActiveCfg = Debug|Any CPU
		{5FEA3AEB-1A8F-4D96-956C-3DE28DD113B6}.Debug|Any CPU.Build.0 = Debug|Any CPU
		{5FEA3AEB-1A8F-4D96-956C-3DE28DD113B6}.Release|Any CPU.ActiveCfg = Release|Any CPU
		{5FEA3AEB-1A8F-4D96-956C-3DE28DD113B6}.Release|Any CPU.Build.0 = Release|Any CPU
		{05EB4443-8E43-487A-BC43-B2438EC1606C}.Debug|Any CPU.ActiveCfg = Debug|Any CPU
		{05EB4443-8E43-487A-BC43-B2438EC1606C}.Debug|Any CPU.Build.0 = Debug|Any CPU
		{05EB4443-8E43-487A-BC43-B2438EC1606C}.Release|Any CPU.ActiveCfg = Release|Any CPU
		{05EB4443-8E43-487A-BC43-B2438EC1606C}.Release|Any CPU.Build.0 = Release|Any CPU
	EndGlobalSection
	GlobalSection(SolutionProperties) = preSolution
		HideSolutionNode = FALSE
	EndGlobalSection
	GlobalSection(ExtensibilityGlobals) = postSolution
		SolutionGuid = {31081EA9-F49A-42E1-A79B-81B34C13276A}
	EndGlobalSection
EndGlobal
